
Microsoft Visual Studio Solution File, Format Version 12.00
# Visual Studio Version 16
VisualStudioVersion = 16.0.31105.61
MinimumVisualStudioVersion = 10.0.40219.1
Project("{FAE04EC0-301F-11D3-BF4B-00C04F79EFBC}") = "ParcialDragonBall", "ParcialDragonBall\ParcialDragonBall.csproj", "{5A495EC2-4EEA-45BE-9291-E089F38BDCAC}"
EndProject
Project("{FAE04EC0-301F-11D3-BF4B-00C04F79EFBC}") = "Entidades", "Entidades\Entidades.csproj", "{3C95945E-35C7-4172-9A11-1A0C2BE28C85}"
EndProject
Global
	GlobalSection(SolutionConfigurationPlatforms) = preSolution
		Debug|Any CPU = Debug|Any CPU
		Release|Any CPU = Release|Any CPU
	EndGlobalSection
	GlobalSection(ProjectConfigurationPlatforms) = postSolution
		{5A495EC2-4EEA-45BE-9291-E089F38BDCAC}.Debug|Any CPU.ActiveCfg = Debug|Any CPU
		{5A495EC2-4EEA-45BE-9291-E089F38BDCAC}.Debug|Any CPU.Build.0 = Debug|Any CPU
		{5A495EC2-4EEA-45BE-9291-E089F38BDCAC}.Release|Any CPU.ActiveCfg = Release|Any CPU
		{5A495EC2-4EEA-45BE-9291-E089F38BDCAC}.Release|Any CPU.Build.0 = Release|Any CPU
		{3C95945E-35C7-4172-9A11-1A0C2BE28C85}.Debug|Any CPU.ActiveCfg = Debug|Any CPU
		{3C95945E-35C7-4172-9A11-1A0C2BE28C85}.Debug|Any CPU.Build.0 = Debug|Any CPU
		{3C95945E-35C7-4172-9A11-1A0C2BE28C85}.Release|Any CPU.ActiveCfg = Release|Any CPU
		{3C95945E-35C7-4172-9A11-1A0C2BE28C85}.Release|Any CPU.Build.0 = Release|Any CPU
	EndGlobalSection
	GlobalSection(SolutionProperties) = preSolution
		HideSolutionNode = FALSE
	EndGlobalSection
	GlobalSection(ExtensibilityGlobals) = postSolution
		SolutionGuid = {3CE6E878-C285-4A6A-8DE5-461211179CC6}
	EndGlobalSection
EndGlobal
